
Microsoft Visual Studio Solution File, Format Version 12.00
# Visual Studio 14
VisualStudioVersion = 14.0.23107.0
MinimumVisualStudioVersion = 10.0.40219.1
Project("{FAE04EC0-301F-11D3-BF4B-00C04F79EFBC}") = "Apresentacao", "Apresentacao\Apresentacao.csproj", "{08B50D84-5194-46E4-B377-10F2196BF513}"
EndProject
Project("{FAE04EC0-301F-11D3-BF4B-00C04F79EFBC}") = "Dominio", "Dominio\Dominio.csproj", "{EA5C7624-B1D1-438B-845E-A9DF72DF73F4}"
EndProject
Project("{FAE04EC0-301F-11D3-BF4B-00C04F79EFBC}") = "Dados", "Dados\Dados.csproj", "{C2470270-D3C8-4DC9-A616-C846DFDB0C9D}"
EndProject
Project("{FAE04EC0-301F-11D3-BF4B-00C04F79EFBC}") = "Comum", "Comum\Comum.csproj", "{69656E33-CE16-43E7-B9F7-56067B39AFC0}"
EndProject
Global
	GlobalSection(SolutionConfigurationPlatforms) = preSolution
		Debug|Any CPU = Debug|Any CPU
		Release|Any CPU = Release|Any CPU
	EndGlobalSection
	GlobalSection(ProjectConfigurationPlatforms) = postSolution
		{08B50D84-5194-46E4-B377-10F2196BF513}.Debug|Any CPU.ActiveCfg = Debug|Any CPU
		{08B50D84-5194-46E4-B377-10F2196BF513}.Debug|Any CPU.Build.0 = Debug|Any CPU
		{08B50D84-5194-46E4-B377-10F2196BF513}.Release|Any CPU.ActiveCfg = Release|Any CPU
		{08B50D84-5194-46E4-B377-10F2196BF513}.Release|Any CPU.Build.0 = Release|Any CPU
		{EA5C7624-B1D1-438B-845E-A9DF72DF73F4}.Debug|Any CPU.ActiveCfg = Debug|Any CPU
		{EA5C7624-B1D1-438B-845E-A9DF72DF73F4}.Debug|Any CPU.Build.0 = Debug|Any CPU
		{EA5C7624-B1D1-438B-845E-A9DF72DF73F4}.Release|Any CPU.ActiveCfg = Release|Any CPU
		{EA5C7624-B1D1-438B-845E-A9DF72DF73F4}.Release|Any CPU.Build.0 = Release|Any CPU
		{C2470270-D3C8-4DC9-A616-C846DFDB0C9D}.Debug|Any CPU.ActiveCfg = Debug|Any CPU
		{C2470270-D3C8-4DC9-A616-C846DFDB0C9D}.Debug|Any CPU.Build.0 = Debug|Any CPU
		{C2470270-D3C8-4DC9-A616-C846DFDB0C9D}.Release|Any CPU.ActiveCfg = Release|Any CPU
		{C2470270-D3C8-4DC9-A616-C846DFDB0C9D}.Release|Any CPU.Build.0 = Release|Any CPU
		{69656E33-CE16-43E7-B9F7-56067B39AFC0}.Debug|Any CPU.ActiveCfg = Debug|Any CPU
		{69656E33-CE16-43E7-B9F7-56067B39AFC0}.Debug|Any CPU.Build.0 = Debug|Any CPU
		{69656E33-CE16-43E7-B9F7-56067B39AFC0}.Release|Any CPU.ActiveCfg = Release|Any CPU
		{69656E33-CE16-43E7-B9F7-56067B39AFC0}.Release|Any CPU.Build.0 = Release|Any CPU
	EndGlobalSection
	GlobalSection(SolutionProperties) = preSolution
		HideSolutionNode = FALSE
	EndGlobalSection
EndGlobal
